
Microsoft Visual Studio Solution File, Format Version 12.00
# Visual Studio Version 17
VisualStudioVersion = 17.5.33424.131
MinimumVisualStudioVersion = 10.0.40219.1
Project("{FAE04EC0-301F-11D3-BF4B-00C04F79EFBC}") = "GNBootloaderTCP&UART", "GNBootloaderTCP&UART\GNBootloaderTCP&UART.csproj", "{C863F5E9-1784-42CD-A31C-81BF199EF8FE}"
EndProject
Global
	GlobalSection(SolutionConfigurationPlatforms) = preSolution
		Debug|Any CPU = Debug|Any CPU
		Release|Any CPU = Release|Any CPU
	EndGlobalSection
	GlobalSection(ProjectConfigurationPlatforms) = postSolution
		{C863F5E9-1784-42CD-A31C-81BF199EF8FE}.Debug|Any CPU.ActiveCfg = Debug|Any CPU
		{C863F5E9-1784-42CD-A31C-81BF199EF8FE}.Debug|Any CPU.Build.0 = Debug|Any CPU
		{C863F5E9-1784-42CD-A31C-81BF199EF8FE}.Release|Any CPU.ActiveCfg = Release|Any CPU
		{C863F5E9-1784-42CD-A31C-81BF199EF8FE}.Release|Any CPU.Build.0 = Release|Any CPU
	EndGlobalSection
	GlobalSection(SolutionProperties) = preSolution
		HideSolutionNode = FALSE
	EndGlobalSection
	GlobalSection(ExtensibilityGlobals) = postSolution
		SolutionGuid = {C0C280DF-2D92-4C5B-B846-5E8814AC7119}
	EndGlobalSection
EndGlobal
